<?xml version="1.0" encoding="utf-8"?>
<Project ToolsVersion="4.0" xmlns="http://schemas.microsoft.com/developer/msbuild/2003">
  <ItemGroup>
    <None Include="..\.github\ISSUE_TEMPLATE\bug_report.md">
      <Filter>Git Files</Filter>
    </None>
    <None Include="..\.github\ISSUE_TEMPLATE\feature_request.md">
      <Filter>Git Files</Filter>
    </None>
    <None Include="..\shared\config\.clang-format" />
    <None Include="..\shared\shaders\InputLayout.hlsli">
      <Filter>Shader Files</Filter>
    </None>
    <None Include="..\shared\shaders\PhongConstants.hlsli">
      <Filter>Shader Files</Filter>
    </None>
    <None Include="..\..\.gitignore">
      <Filter>Git Files</Filter>
    </None>
    <None Include="..\..\.github\PULL_REQUEST_TEMPLATE\pull_request_template.md">
      <Filter>Git Files</Filter>
    </None>
  </ItemGroup>
  <ItemGroup>
    <Filter Include="Header Files">
      <UniqueIdentifier>{eed98137-c543-42d4-93fe-fa2483ca5bd8}</UniqueIdentifier>
    </Filter>
    <Filter Include="Resource Files">
      <UniqueIdentifier>{206793e0-1f91-42bf-aa30-07377ddfa0e0}</UniqueIdentifier>
    </Filter>
    <Filter Include="Source Files">
      <UniqueIdentifier>{59fd206d-46cc-4d84-8eb2-ccf367b2c831}</UniqueIdentifier>
    </Filter>
    <Filter Include="Shader Files">
      <UniqueIdentifier>{7a0c323b-93b2-46b5-aec4-ee3629544598}</UniqueIdentifier>
    </Filter>
    <Filter Include="Git Files">
      <UniqueIdentifier>{e57b8d57-029c-45ef-8580-d45084390264}</UniqueIdentifier>
    </Filter>
  </ItemGroup>
  <ItemGroup>
    <ClCompile Include="src\GenGeo.cpp">
      <Filter>Source Files</Filter>
    </ClCompile>
    <ClCompile Include="src\Main.cpp">
      <Filter>Source Files</Filter>
    </ClCompile>
    <ClCompile Include="src\Renderer.cpp">
      <Filter>Source Files</Filter>
    </ClCompile>
    <ClCompile Include="..\shared\src\D3DUtils.cpp">
      <Filter>Source Files</Filter>
    </ClCompile>
    <ClCompile Include="..\shared\src\WinApp.cpp">
      <Filter>Source Files</Filter>
    </ClCompile>
  </ItemGroup>
  <ItemGroup>
    <ClInclude Include="src\include\GenGeo.h">
      <Filter>Header Files</Filter>
    </ClInclude>
    <ClInclude Include="..\shared\src\include\CheckHr.h">
      <Filter>Header Files</Filter>
    </ClInclude>
    <ClInclude Include="..\shared\src\include\ConstantBuffers.h">
      <Filter>Header Files</Filter>
    </ClInclude>
    <ClInclude Include="..\shared\src\include\D3DUtils.h">
      <Filter>Header Files</Filter>
    </ClInclude>
    <ClInclude Include="..\shared\src\include\Mesh.h">
      <Filter>Header Files</Filter>
    </ClInclude>
    <ClInclude Include="..\shared\src\include\Renderer.h">
      <Filter>Header Files</Filter>
    </ClInclude>
    <ClInclude Include="..\shared\src\include\Vertex.h">
      <Filter>Header Files</Filter>
    </ClInclude>
    <ClInclude Include="..\shared\src\include\WinApp.h">
      <Filter>Header Files</Filter>
    </ClInclude>
  </ItemGroup>
  <ItemGroup>
    <Image Include="assets\textures\free_texture2.jpg">
      <Filter>Resource Files</Filter>
    </Image>
    <Image Include="assets\textures\free_texture1.jpg">
      <Filter>Resource Files</Filter>
    </Image>
  </ItemGroup>
  <ItemGroup>
    <FxCompile Include="..\shared\shaders\MeshPixelShader.hlsl">
      <Filter>Shader Files</Filter>
    </FxCompile>
    <FxCompile Include="..\shared\shaders\MeshVertexShader.hlsl">
      <Filter>Shader Files</Filter>
    </FxCompile>
    <FxCompile Include="..\shared\shaders\NormalPixelShader.hlsl">
      <Filter>Shader Files</Filter>
    </FxCompile>
    <FxCompile Include="..\shared\shaders\NormalVertexShader.hlsl">
      <Filter>Shader Files</Filter>
    </FxCompile>
  </ItemGroup>
</Project>